
Microsoft Visual Studio Solution File, Format Version 12.00
# Visual Studio Version 17
VisualStudioVersion = 17.9.34723.18
MinimumVisualStudioVersion = 10.0.40219.1
Project("{FAE04EC0-301F-11D3-BF4B-00C04F79EFBC}") = "Asset_Sphere", "Asset_Sphere\Asset_Sphere.csproj", "{83848EAC-E17D-4AC9-87E2-5B633DC95062}"
EndProject
Project("{2150E333-8FDC-42A3-9474-1A3956D46DE8}") = "Solution Items", "Solution Items", "{3D5C20BB-6458-4DCB-AC97-E3ACA9F9393F}"
	ProjectSection(SolutionItems) = preProject
		.editorconfig = .editorconfig
	EndProjectSection
EndProject
Global
	GlobalSection(SolutionConfigurationPlatforms) = preSolution
		Debug|Any CPU = Debug|Any CPU
		Release|Any CPU = Release|Any CPU
	EndGlobalSection
	GlobalSection(ProjectConfigurationPlatforms) = postSolution
		{83848EAC-E17D-4AC9-87E2-5B633DC95062}.Debug|Any CPU.ActiveCfg = Debug|Any CPU
		{83848EAC-E17D-4AC9-87E2-5B633DC95062}.Debug|Any CPU.Build.0 = Debug|Any CPU
		{83848EAC-E17D-4AC9-87E2-5B633DC95062}.Release|Any CPU.ActiveCfg = Release|Any CPU
		{83848EAC-E17D-4AC9-87E2-5B633DC95062}.Release|Any CPU.Build.0 = Release|Any CPU
	EndGlobalSection
	GlobalSection(SolutionProperties) = preSolution
		HideSolutionNode = FALSE
	EndGlobalSection
	GlobalSection(ExtensibilityGlobals) = postSolution
		SolutionGuid = {0551A7BF-A35E-4D4A-8995-C08C69C2C498}
	EndGlobalSection
EndGlobal
